{
    "_readme": [
        "This file locks the dependencies of your project to a known state",
        "Read more about it at https://getcomposer.org/doc/01-basic-usage.md#installing-dependencies",
        "This file is @generated automatically"
    ],
    "content-hash": "cc77829122dd83c8c27ad2e5f5734e9f",
    "packages": [
        {
            "name": "jaybizzle/crawler-detect",
            "version": "v1.3.4",
            "source": {
                "type": "git",
                "url": "https://github.com/JayBizzle/Crawler-Detect.git",
                "reference": "d3b7ff28994e1b0de764ab7412fa269a79634ff3"
            },
            "dist": {
                "type": "zip",
                "url": "https://api.github.com/repos/JayBizzle/Crawler-Detect/zipball/d3b7ff28994e1b0de764ab7412fa269a79634ff3",
                "reference": "d3b7ff28994e1b0de764ab7412fa269a79634ff3",
                "shasum": ""
            },
            "require": {
                "php": ">=7.1.0"
            },
            "require-dev": {
                "phpunit/phpunit": "^4.8|^5.5|^6.5|^9.4"
            },
            "type": "library",
            "autoload": {
                "psr-4": {
                    "Jaybizzle\\CrawlerDetect\\": "src/"
                }
            },
            "notification-url": "https://packagist.org/downloads/",
            "license": [
                "MIT"
            ],
            "authors": [
                {
                    "name": "Mark Beech",
                    "email": "m@rkbee.ch",
                    "role": "Developer"
                }
            ],
            "description": "CrawlerDetect is a PHP class for detecting bots/crawlers/spiders via the user agent",
            "homepage": "https://github.com/JayBizzle/Crawler-Detect/",
            "keywords": [
                "crawler",
                "crawler detect",
                "crawler detector",
                "crawlerdetect",
                "php crawler detect"
            ],
            "support": {
                "issues": "https://github.com/JayBizzle/Crawler-Detect/issues",
                "source": "https://github.com/JayBizzle/Crawler-Detect/tree/v1.3.4"
            },
            "time": "2025-03-05T23:12:10+00:00"
        }
    ],
    "packages-dev": [],
    "aliases": [],
    "minimum-stability": "stable",
    "stability-flags": {},
    "prefer-stable": false,
    "prefer-lowest": false,
    "platform": {},
    "platform-dev": {},
    "plugin-api-version": "2.6.0"
}
